
Microsoft Visual Studio Solution File, Format Version 12.00
# Visual Studio Version 17
VisualStudioVersion = 17.0.31912.275
MinimumVisualStudioVersion = 10.0.40219.1
Project("{9A19103F-16F7-4668-BE54-9A1E7A4F7556}") = "TaxCalc", "TaxCalc\TaxCalc.csproj", "{FB0EE776-F66B-4447-95F7-FE5C9E8BD9B3}"
EndProject
Project("{FAE04EC0-301F-11D3-BF4B-00C04F79EFBC}") = "UnitTests", "UnitTests\UnitTests.csproj", "{0B9C9A45-FCF6-432A-B61A-1A8ABA627A41}"
	ProjectSection(ProjectDependencies) = postProject
		{FB0EE776-F66B-4447-95F7-FE5C9E8BD9B3} = {FB0EE776-F66B-4447-95F7-FE5C9E8BD9B3}
	EndProjectSection
EndProject
Global
	GlobalSection(SolutionConfigurationPlatforms) = preSolution
		Debug|Any CPU = Debug|Any CPU
		Release|Any CPU = Release|Any CPU
	EndGlobalSection
	GlobalSection(ProjectConfigurationPlatforms) = postSolution
		{FB0EE776-F66B-4447-95F7-FE5C9E8BD9B3}.Debug|Any CPU.ActiveCfg = Debug|Any CPU
		{FB0EE776-F66B-4447-95F7-FE5C9E8BD9B3}.Debug|Any CPU.Build.0 = Debug|Any CPU
		{FB0EE776-F66B-4447-95F7-FE5C9E8BD9B3}.Release|Any CPU.ActiveCfg = Release|Any CPU
		{FB0EE776-F66B-4447-95F7-FE5C9E8BD9B3}.Release|Any CPU.Build.0 = Release|Any CPU
		{0B9C9A45-FCF6-432A-B61A-1A8ABA627A41}.Debug|Any CPU.ActiveCfg = Debug|Any CPU
		{0B9C9A45-FCF6-432A-B61A-1A8ABA627A41}.Debug|Any CPU.Build.0 = Debug|Any CPU
		{0B9C9A45-FCF6-432A-B61A-1A8ABA627A41}.Release|Any CPU.ActiveCfg = Release|Any CPU
		{0B9C9A45-FCF6-432A-B61A-1A8ABA627A41}.Release|Any CPU.Build.0 = Release|Any CPU
	EndGlobalSection
	GlobalSection(SolutionProperties) = preSolution
		HideSolutionNode = FALSE
	EndGlobalSection
	GlobalSection(ExtensibilityGlobals) = postSolution
		SolutionGuid = {3CBE9041-0457-4343-B977-1B2C27A70EA1}
	EndGlobalSection
EndGlobal
